<?xml version="1.0" encoding="utf-8"?>
<Project ToolsVersion="4.0" xmlns="http://schemas.microsoft.com/developer/msbuild/2003">
  <ItemGroup>
    <ClCompile Include="StudentWorld.cpp" />
    <ClCompile Include="Actor.cpp" />
    <ClCompile Include="GameController.cpp">
      <Filter>Framework</Filter>
    </ClCompile>
    <ClCompile Include="GameWorld.cpp">
      <Filter>Framework</Filter>
    </ClCompile>
    <ClCompile Include="main.cpp">
      <Filter>Framework</Filter>
    </ClCompile>
  </ItemGroup>
  <ItemGroup>
    <ClInclude Include="StudentWorld.h" />
    <ClInclude Include="Actor.h" />
    <ClInclude Include="freeglut.h">
      <Filter>Framework</Filter>
    </ClInclude>
    <ClInclude Include="freeglut_ext.h">
      <Filter>Framework</Filter>
    </ClInclude>
    <ClInclude Include="freeglut_std.h">
      <Filter>Framework</Filter>
    </ClInclude>
    <ClInclude Include="GameConstants.h">
      <Filter>Framework</Filter>
    </ClInclude>
    <ClInclude Include="GameController.h">
      <Filter>Framework</Filter>
    </ClInclude>
    <ClInclude Include="GameWorld.h">
      <Filter>Framework</Filter>
    </ClInclude>
    <ClInclude Include="GraphObject.h">
      <Filter>Framework</Filter>
    </ClInclude>
    <ClInclude Include="SoundFX.h">
      <Filter>Framework</Filter>
    </ClInclude>
    <ClInclude Include="SpriteManager.h">
      <Filter>Framework</Filter>
    </ClInclude>
  </ItemGroup>
  <ItemGroup>
    <Filter Include="Framework">
      <UniqueIdentifier>{1b28ab8e-4f60-4a84-b52f-be7b0a238d78}</UniqueIdentifier>
    </Filter>
  </ItemGroup>
</Project>